// !$*UTF8*$!
{
	archiveVersion = 1;
	classes = {
	};
	objectVersion = 110;
	objects = {

/* Begin PBXBuildFile section */
        C00000000000000000000001 /* CubeCore in Frameworks */ = {isa = PBXBuildFile; productRef = C00000000000000000000002 /* CubeCore */; };
/* End PBXBuildFile section */

/* Begin XCLocalSwiftPackageReference section */
        C00000000000000000000003 = {isa = XCLocalSwiftPackageReference; relativePath = Packages/CubeKit; };
/* End XCLocalSwiftPackageReference section */
/* Begin XCSwiftPackageProductDependency section */
        C00000000000000000000002 = {isa = XCSwiftPackageProductDependency; productName = CubeCore; };
/* End XCSwiftPackageProductDependency section */

/* Begin PBXContainerItemProxy section */
		4F53CEDD30607CA100D417D4 /* PBXContainerItemProxy */ = {
			isa = PBXContainerItemProxy;
			containerPortal = 4F53CEC730607C9E00D417D4 /* Project object */;
			proxyType = 1;
			remoteGlobalIDString = 4F53CECE30607C9E00D417D4;
			remoteInfo = cubeguide;
		};
		4F53CEE730607CA100D417D4 /* PBXContainerItemProxy */ = {
			isa = PBXContainerItemProxy;
			containerPortal = 4F53CEC730607C9E00D417D4 /* Project object */;
			proxyType = 1;
			remoteGlobalIDString = 4F53CECE30607C9E00D417D4;
			remoteInfo = cubeguide;
		};
/* End PBXContainerItemProxy section */

/* Begin PBXFileReference section */
		4F53CECF30607C9E00D417D4 /* cubeguide.app */ = {isa = PBXFileReference; explicitFileType = wrapper.application; includeInIndex = 0; path = cubeguide.app; sourceTree = BUILT_PRODUCTS_DIR; };
		4F53CEDC30607CA100D417D4 /* cubeguideTests.xctest */ = {isa = PBXFileReference; explicitFileType = wrapper.cfbundle; includeInIndex = 0; path = cubeguideTests.xctest; sourceTree = BUILT_PRODUCTS_DIR; };
		4F53CEE630607CA100D417D4 /* cubeguideUITests.xctest */ = {isa = PBXFileReference; explicitFileType = wrapper.cfbundle; includeInIndex = 0; path = cubeguideUITests.xctest; sourceTree = BUILT_PRODUCTS_DIR; };
		4F53CEF83060848A00D417D4 /* cube-app-implementation-plan.md */ = {isa = PBXFileReference; lastKnownFileType = net.daringfireball.markdown; path = "cube-app-implementation-plan.md"; sourceTree = "<group>"; };
		4F53CEF93060848B00D417D4 /* cube-app-specification.md */ = {isa = PBXFileReference; lastKnownFileType = net.daringfireball.markdown; path = "cube-app-specification.md"; sourceTree = "<group>"; };
		4F53CEFA3060848B00D417D4 /* cube-app-review-record.md */ = {isa = PBXFileReference; lastKnownFileType = net.daringfireball.markdown; path = "cube-app-review-record.md"; sourceTree = "<group>"; };
		4F53CEFB3060848B00D417D4 /* cube-app-verification-plan.md */ = {isa = PBXFileReference; lastKnownFileType = net.daringfireball.markdown; path = "cube-app-verification-plan.md"; sourceTree = "<group>"; };
/* End PBXFileReference section */

/* Begin PBXFileSystemSynchronizedRootGroup section */
		4F53CED130607C9E00D417D4 /* cubeguide */ = {
			isa = PBXFileSystemSynchronizedRootGroup;
			path = cubeguide;
			sourceTree = "<group>";
		};
		4F53CEDF30607CA100D417D4 /* cubeguideTests */ = {
			isa = PBXFileSystemSynchronizedRootGroup;
			path = cubeguideTests;
			sourceTree = "<group>";
		};
		4F53CEE930607CA100D417D4 /* cubeguideUITests */ = {
			isa = PBXFileSystemSynchronizedRootGroup;
			path = cubeguideUITests;
			sourceTree = "<group>";
		};
/* End PBXFileSystemSynchronizedRootGroup section */

/* Begin PBXFrameworksBuildPhase section */
		4F53CECC30607C9E00D417D4 /* Frameworks */ = {
			isa = PBXFrameworksBuildPhase;
			files = (
                C00000000000000000000001,
			);
		};
		4F53CED930607CA100D417D4 /* Frameworks */ = {
			isa = PBXFrameworksBuildPhase;
			files = (
			);
		};
		4F53CEE330607CA100D417D4 /* Frameworks */ = {
			isa = PBXFrameworksBuildPhase;
			files = (
			);
		};
/* End PBXFrameworksBuildPhase section */

/* Begin PBXGroup section */
		4F53CEC630607C9E00D417D4 = {
			isa = PBXGroup;
			children = (
				4F53CED130607C9E00D417D4 /* cubeguide */,
				4F53CEDF30607CA100D417D4 /* cubeguideTests */,
				4F53CEE930607CA100D417D4 /* cubeguideUITests */,
				4F53CED030607C9E00D417D4 /* Products */,
				4F53CEF73060840400D417D4 /* Documentation */,
			);
			sourceTree = "<group>";
		};
		4F53CED030607C9E00D417D4 /* Products */ = {
			isa = PBXGroup;
			children = (
				4F53CECF30607C9E00D417D4 /* cubeguide.app */,
				4F53CEDC30607CA100D417D4 /* cubeguideTests.xctest */,
				4F53CEE630607CA100D417D4 /* cubeguideUITests.xctest */,
			);
			name = Products;
			sourceTree = "<group>";
		};
		4F53CEF73060840400D417D4 /* Documentation */ = {
			isa = PBXGroup;
			children = (
				4F53CEF83060848A00D417D4 /* cube-app-implementation-plan.md */,
				4F53CEF93060848B00D417D4 /* cube-app-specification.md */,
				4F53CEFA3060848B00D417D4 /* cube-app-review-record.md */,
				4F53CEFB3060848B00D417D4 /* cube-app-verification-plan.md */,
			);
			path = Documentation;
			sourceTree = "<group>";
		};
/* End PBXGroup section */

/* Begin PBXNativeTarget section */
		4F53CECE30607C9E00D417D4 /* cubeguide */ = {
			isa = PBXNativeTarget;
			buildConfigurationList = 4F53CEEE30607CA100D417D4 /* Build configuration list for PBXNativeTarget "cubeguide" */;
			buildPhases = (
				4F53CECB30607C9E00D417D4 /* Sources */,
				4F53CECC30607C9E00D417D4 /* Frameworks */,
				4F53CECD30607C9E00D417D4 /* Resources */,
			);
			buildRules = (
			);
			fileSystemSynchronizedGroups = (
				4F53CED130607C9E00D417D4 /* cubeguide */,
			);
			name = cubeguide;
            packageProductDependencies = (C00000000000000000000002,);
			productName = cubeguide;
			productReference = 4F53CECF30607C9E00D417D4 /* cubeguide.app */;
			productType = "com.apple.product-type.application";
		};
		4F53CEDB30607CA100D417D4 /* cubeguideTests */ = {
			isa = PBXNativeTarget;
			buildConfigurationList = 4F53CEF130607CA100D417D4 /* Build configuration list for PBXNativeTarget "cubeguideTests" */;
			buildPhases = (
				4F53CED830607CA100D417D4 /* Sources */,
				4F53CED930607CA100D417D4 /* Frameworks */,
				4F53CEDA30607CA100D417D4 /* Resources */,
			);
			buildRules = (
			);
			dependencies = (
				4F53CEDE30607CA100D417D4 /* PBXTargetDependency */,
			);
			fileSystemSynchronizedGroups = (
				4F53CEDF30607CA100D417D4 /* cubeguideTests */,
			);
			name = cubeguideTests;
			productName = cubeguideTests;
			productReference = 4F53CEDC30607CA100D417D4 /* cubeguideTests.xctest */;
			productType = "com.apple.product-type.bundle.unit-test";
		};
		4F53CEE530607CA100D417D4 /* cubeguideUITests */ = {
			isa = PBXNativeTarget;
			buildConfigurationList = 4F53CEF430607CA100D417D4 /* Build configuration list for PBXNativeTarget "cubeguideUITests" */;
			buildPhases = (
				4F53CEE230607CA100D417D4 /* Sources */,
				4F53CEE330607CA100D417D4 /* Frameworks */,
				4F53CEE430607CA100D417D4 /* Resources */,
			);
			buildRules = (
			);
			dependencies = (
				4F53CEE830607CA100D417D4 /* PBXTargetDependency */,
			);
			fileSystemSynchronizedGroups = (
				4F53CEE930607CA100D417D4 /* cubeguideUITests */,
			);
			name = cubeguideUITests;
			productName = cubeguideUITests;
			productReference = 4F53CEE630607CA100D417D4 /* cubeguideUITests.xctest */;
			productType = "com.apple.product-type.bundle.ui-testing";
		};
/* End PBXNativeTarget section */

/* Begin PBXProject section */
		4F53CEC730607C9E00D417D4 /* Project object */ = {
			isa = PBXProject;
			attributes = {
				BuildIndependentTargetsInParallel = 1;
				LastSwiftUpdateCheck = 2700;
				LastUpgradeCheck = 2700;
				TargetAttributes = {
					4F53CECE30607C9E00D417D4 = {
						CreatedOnToolsVersion = 27.0;
					};
					4F53CEDB30607CA100D417D4 = {
						CreatedOnToolsVersion = 27.0;
						TestTargetID = 4F53CECE30607C9E00D417D4;
					};
					4F53CEE530607CA100D417D4 = {
						CreatedOnToolsVersion = 27.0;
						TestTargetID = 4F53CECE30607C9E00D417D4;
					};
				};
			};
			buildConfigurationList = 4F53CECA30607C9E00D417D4 /* Build configuration list for PBXProject "cubeguide" */;
			developmentRegion = en;
			hasScannedForEncodings = 0;
			knownRegions = (
				en,
				Base,
			);
			mainGroup = 4F53CEC630607C9E00D417D4;
			minimizedProjectReferenceProxies = 1;
			preferredProjectObjectVersion = 77;
			productRefGroup = 4F53CED030607C9E00D417D4 /* Products */;
			packageReferences = (C00000000000000000000003,);
			projectDirPath = "";
			projectRoot = "";
			targets = (
				4F53CECE30607C9E00D417D4 /* cubeguide */,
				4F53CEDB30607CA100D417D4 /* cubeguideTests */,
				4F53CEE530607CA100D417D4 /* cubeguideUITests */,
			);
		};
/* End PBXProject section */

/* Begin PBXResourcesBuildPhase section */
		4F53CECD30607C9E00D417D4 /* Resources */ = {
			isa = PBXResourcesBuildPhase;
			files = (
			);
		};
		4F53CEDA30607CA100D417D4 /* Resources */ = {
			isa = PBXResourcesBuildPhase;
			files = (
			);
		};
		4F53CEE430607CA100D417D4 /* Resources */ = {
			isa = PBXResourcesBuildPhase;
			files = (
			);
		};
/* End PBXResourcesBuildPhase section */

/* Begin PBXSourcesBuildPhase section */
		4F53CECB30607C9E00D417D4 /* Sources */ = {
			isa = PBXSourcesBuildPhase;
			files = (
			);
		};
		4F53CED830607CA100D417D4 /* Sources */ = {
			isa = PBXSourcesBuildPhase;
			files = (
			);
		};
		4F53CEE230607CA100D417D4 /* Sources */ = {
			isa = PBXSourcesBuildPhase;
			files = (
			);
		};
/* End PBXSourcesBuildPhase section */

/* Begin PBXTargetDependency section */
		4F53CEDE30607CA100D417D4 /* PBXTargetDependency */ = {
			isa = PBXTargetDependency;
			target = 4F53CECE30607C9E00D417D4 /* cubeguide */;
			targetProxy = 4F53CEDD30607CA100D417D4 /* PBXContainerItemProxy */;
		};
		4F53CEE830607CA100D417D4 /* PBXTargetDependency */ = {
			isa = PBXTargetDependency;
			target = 4F53CECE30607C9E00D417D4 /* cubeguide */;
			targetProxy = 4F53CEE730607CA100D417D4 /* PBXContainerItemProxy */;
		};
/* End PBXTargetDependency section */

/* Begin XCBuildConfiguration section */
		4F53CEEC30607CA100D417D4 /* Debug configuration for PBXProject "cubeguide" */ = {
			isa = XCBuildConfiguration;
			buildSettings = {
				ALWAYS_SEARCH_USER_PATHS = NO;
				ASSETCATALOG_COMPILER_GENERATE_SWIFT_ASSET_SYMBOL_EXTENSIONS = YES;
				CLANG_ANALYZER_NONNULL = YES;
				CLANG_ANALYZER_NUMBER_OBJECT_CONVERSION = YES_AGGRESSIVE;
				CLANG_CXX_LANGUAGE_STANDARD = "gnu++20";
				CLANG_ENABLE_MODULES = YES;
				CLANG_ENABLE_OBJC_ARC = YES;
				CLANG_ENABLE_OBJC_WEAK = YES;
				CLANG_WARN_BLOCK_CAPTURE_AUTORELEASING = YES;
				CLANG_WARN_BOOL_CONVERSION = YES;
				CLANG_WARN_COMMA = YES;
				CLANG_WARN_CONSTANT_CONVERSION = YES;
				CLANG_WARN_DEPRECATED_OBJC_IMPLEMENTATIONS = YES;
				CLANG_WARN_DIRECT_OBJC_ISA_USAGE = YES_ERROR;
				CLANG_WARN_DOCUMENTATION_COMMENTS = YES;
				CLANG_WARN_EMPTY_BODY = YES;
				CLANG_WARN_ENUM_CONVERSION = YES;
				CLANG_WARN_INFINITE_RECURSION = YES;
				CLANG_WARN_INT_CONVERSION = YES;
				CLANG_WARN_NON_LITERAL_NULL_CONVERSION = YES;
				CLANG_WARN_OBJC_IMPLICIT_RETAIN_SELF = YES;
				CLANG_WARN_OBJC_LITERAL_CONVERSION = YES;
				CLANG_WARN_OBJC_ROOT_CLASS = YES_ERROR;
				CLANG_WARN_QUOTED_INCLUDE_IN_FRAMEWORK_HEADER = YES;
				CLANG_WARN_RANGE_LOOP_ANALYSIS = YES;
				CLANG_WARN_STRICT_PROTOTYPES = YES;
				CLANG_WARN_SUSPICIOUS_MOVE = YES;
				CLANG_WARN_UNGUARDED_AVAILABILITY = YES_AGGRESSIVE;
				CLANG_WARN_UNREACHABLE_CODE = YES;
				CLANG_WARN__DUPLICATE_METHOD_MATCH = YES;
				COPY_PHASE_STRIP = NO;
				DEBUG_INFORMATION_FORMAT = dwarf;
				ENABLE_STRICT_OBJC_MSGSEND = YES;
				ENABLE_TESTABILITY = YES;
				ENABLE_USER_SCRIPT_SANDBOXING = YES;
				GCC_C_LANGUAGE_STANDARD = gnu17;
				GCC_DYNAMIC_NO_PIC = NO;
				GCC_NO_COMMON_BLOCKS = YES;
				GCC_OPTIMIZATION_LEVEL = 0;
				GCC_PREPROCESSOR_DEFINITIONS = (
					"DEBUG=1",
					"$(inherited)",
				);
				GCC_WARN_64_TO_32_BIT_CONVERSION = YES;
				GCC_WARN_ABOUT_RETURN_TYPE = YES_ERROR;
				GCC_WARN_UNDECLARED_SELECTOR = YES;
				GCC_WARN_UNINITIALIZED_AUTOS = YES_AGGRESSIVE;
				GCC_WARN_UNUSED_FUNCTION = YES;
				GCC_WARN_UNUSED_VARIABLE = YES;
				IPHONEOS_DEPLOYMENT_TARGET = 18.0;
				LOCALIZATION_PREFERS_STRING_CATALOGS = YES;
				MTL_ENABLE_DEBUG_INFO = INCLUDE_SOURCE;
				MTL_FAST_MATH = YES;
				ONLY_ACTIVE_ARCH = YES;
				SDKROOT = iphoneos;
				SWIFT_ACTIVE_COMPILATION_CONDITIONS = "DEBUG $(inherited)";
				SWIFT_OPTIMIZATION_LEVEL = "-Onone";
			};
			name = Debug;
		};
		4F53CEED30607CA100D417D4 /* Release configuration for PBXProject "cubeguide" */ = {
			isa = XCBuildConfiguration;
			buildSettings = {
				ALWAYS_SEARCH_USER_PATHS = NO;
				ASSETCATALOG_COMPILER_GENERATE_SWIFT_ASSET_SYMBOL_EXTENSIONS = YES;
				CLANG_ANALYZER_NONNULL = YES;
				CLANG_ANALYZER_NUMBER_OBJECT_CONVERSION = YES_AGGRESSIVE;
				CLANG_CXX_LANGUAGE_STANDARD = "gnu++20";
				CLANG_ENABLE_MODULES = YES;
				CLANG_ENABLE_OBJC_ARC = YES;
				CLANG_ENABLE_OBJC_WEAK = YES;
				CLANG_WARN_BLOCK_CAPTURE_AUTORELEASING = YES;
				CLANG_WARN_BOOL_CONVERSION = YES;
				CLANG_WARN_COMMA = YES;
				CLANG_WARN_CONSTANT_CONVERSION = YES;
				CLANG_WARN_DEPRECATED_OBJC_IMPLEMENTATIONS = YES;
				CLANG_WARN_DIRECT_OBJC_ISA_USAGE = YES_ERROR;
				CLANG_WARN_DOCUMENTATION_COMMENTS = YES;
				CLANG_WARN_EMPTY_BODY = YES;
				CLANG_WARN_ENUM_CONVERSION = YES;
				CLANG_WARN_INFINITE_RECURSION = YES;
				CLANG_WARN_INT_CONVERSION = YES;
				CLANG_WARN_NON_LITERAL_NULL_CONVERSION = YES;
				CLANG_WARN_OBJC_IMPLICIT_RETAIN_SELF = YES;
				CLANG_WARN_OBJC_LITERAL_CONVERSION = YES;
				CLANG_WARN_OBJC_ROOT_CLASS = YES_ERROR;
				CLANG_WARN_QUOTED_INCLUDE_IN_FRAMEWORK_HEADER = YES;
				CLANG_WARN_RANGE_LOOP_ANALYSIS = YES;
				CLANG_WARN_STRICT_PROTOTYPES = YES;
				CLANG_WARN_SUSPICIOUS_MOVE = YES;
				CLANG_WARN_UNGUARDED_AVAILABILITY = YES_AGGRESSIVE;
				CLANG_WARN_UNREACHABLE_CODE = YES;
				CLANG_WARN__DUPLICATE_METHOD_MATCH = YES;
				COPY_PHASE_STRIP = NO;
				DEBUG_INFORMATION_FORMAT = "dwarf-with-dsym";
				ENABLE_NS_ASSERTIONS = NO;
				ENABLE_STRICT_OBJC_MSGSEND = YES;
				ENABLE_USER_SCRIPT_SANDBOXING = YES;
				GCC_C_LANGUAGE_STANDARD = gnu17;
				GCC_NO_COMMON_BLOCKS = YES;
				GCC_WARN_64_TO_32_BIT_CONVERSION = YES;
				GCC_WARN_ABOUT_RETURN_TYPE = YES_ERROR;
				GCC_WARN_UNDECLARED_SELECTOR = YES;
				GCC_WARN_UNINITIALIZED_AUTOS = YES_AGGRESSIVE;
				GCC_WARN_UNUSED_FUNCTION = YES;
				GCC_WARN_UNUSED_VARIABLE = YES;
				IPHONEOS_DEPLOYMENT_TARGET = 18.0;
				LOCALIZATION_PREFERS_STRING_CATALOGS = YES;
				MTL_ENABLE_DEBUG_INFO = NO;
				MTL_FAST_MATH = YES;
				SDKROOT = iphoneos;
				SWIFT_COMPILATION_MODE = wholemodule;
				VALIDATE_PRODUCT = YES;
			};
			name = Release;
		};
		4F53CEEF30607CA100D417D4 /* Debug configuration for PBXNativeTarget "cubeguide" */ = {
			isa = XCBuildConfiguration;
			buildSettings = {
				ASSETCATALOG_COMPILER_APPICON_NAME = AppIcon;
				ASSETCATALOG_COMPILER_GLOBAL_ACCENT_COLOR_NAME = AccentColor;
				CODE_SIGN_STYLE = Automatic;
				CURRENT_PROJECT_VERSION = 1;
				ENABLE_PREVIEWS = YES;
				GENERATE_INFOPLIST_FILE = YES;
				INFOPLIST_KEY_UIApplicationSceneManifest_Generation = YES;
				INFOPLIST_KEY_UIApplicationSupportsIndirectInputEvents = YES;
				INFOPLIST_KEY_UILaunchScreen_Generation = YES;
				INFOPLIST_KEY_UISupportedInterfaceOrientations_iPad = "UIInterfaceOrientationPortrait UIInterfaceOrientationPortraitUpsideDown UIInterfaceOrientationLandscapeLeft UIInterfaceOrientationLandscapeRight";
				INFOPLIST_KEY_UISupportedInterfaceOrientations_iPhone = "UIInterfaceOrientationPortrait UIInterfaceOrientationLandscapeLeft UIInterfaceOrientationLandscapeRight";
				LD_RUNPATH_SEARCH_PATHS = (
					"$(inherited)",
					"@executable_path/Frameworks",
				);
				MARKETING_VERSION = 1.0;
				PRODUCT_BUNDLE_IDENTIFIER = hasancorp.cubeguide;
				SUPPORTS_MACCATALYST = NO;
				SUPPORTS_MAC_DESIGNED_FOR_IPHONE_IPAD = NO;
				SUPPORTS_XR_DESIGNED_FOR_IPHONE_IPAD = NO;
				PRODUCT_NAME = "$(TARGET_NAME)";
				STRING_CATALOG_GENERATE_SYMBOLS = YES;
				SWIFT_APPROACHABLE_CONCURRENCY = YES;
				SWIFT_DEFAULT_ACTOR_ISOLATION = MainActor;
				SWIFT_EMIT_LOC_STRINGS = YES;
				SWIFT_UPCOMING_FEATURE_MEMBER_IMPORT_VISIBILITY = YES;
				SWIFT_VERSION = 6.0;
				TARGETED_DEVICE_FAMILY = 1;
			};
			name = Debug;
		};
		4F53CEF030607CA100D417D4 /* Release configuration for PBXNativeTarget "cubeguide" */ = {
			isa = XCBuildConfiguration;
			buildSettings = {
				ASSETCATALOG_COMPILER_APPICON_NAME = AppIcon;
				ASSETCATALOG_COMPILER_GLOBAL_ACCENT_COLOR_NAME = AccentColor;
				CODE_SIGN_STYLE = Automatic;
				CURRENT_PROJECT_VERSION = 1;
				ENABLE_PREVIEWS = YES;
				GENERATE_INFOPLIST_FILE = YES;
				INFOPLIST_KEY_UIApplicationSceneManifest_Generation = YES;
				INFOPLIST_KEY_UIApplicationSupportsIndirectInputEvents = YES;
				INFOPLIST_KEY_UILaunchScreen_Generation = YES;
				INFOPLIST_KEY_UISupportedInterfaceOrientations_iPad = "UIInterfaceOrientationPortrait UIInterfaceOrientationPortraitUpsideDown UIInterfaceOrientationLandscapeLeft UIInterfaceOrientationLandscapeRight";
				INFOPLIST_KEY_UISupportedInterfaceOrientations_iPhone = "UIInterfaceOrientationPortrait UIInterfaceOrientationLandscapeLeft UIInterfaceOrientationLandscapeRight";
				LD_RUNPATH_SEARCH_PATHS = (
					"$(inherited)",
					"@executable_path/Frameworks",
				);
				MARKETING_VERSION = 1.0;
				PRODUCT_BUNDLE_IDENTIFIER = hasancorp.cubeguide;
				SUPPORTS_MACCATALYST = NO;
				SUPPORTS_MAC_DESIGNED_FOR_IPHONE_IPAD = NO;
				SUPPORTS_XR_DESIGNED_FOR_IPHONE_IPAD = NO;
				PRODUCT_NAME = "$(TARGET_NAME)";
				STRING_CATALOG_GENERATE_SYMBOLS = YES;
				SWIFT_APPROACHABLE_CONCURRENCY = YES;
				SWIFT_DEFAULT_ACTOR_ISOLATION = MainActor;
				SWIFT_EMIT_LOC_STRINGS = YES;
				SWIFT_UPCOMING_FEATURE_MEMBER_IMPORT_VISIBILITY = YES;
				SWIFT_VERSION = 6.0;
				TARGETED_DEVICE_FAMILY = 1;
			};
			name = Release;
		};
		4F53CEF230607CA100D417D4 /* Debug configuration for PBXNativeTarget "cubeguideTests" */ = {
			isa = XCBuildConfiguration;
			buildSettings = {
				BUNDLE_LOADER = "$(TEST_HOST)";
				CODE_SIGN_STYLE = Automatic;
				CURRENT_PROJECT_VERSION = 1;
				GENERATE_INFOPLIST_FILE = YES;
				IPHONEOS_DEPLOYMENT_TARGET = 18.0;
				MARKETING_VERSION = 1.0;
				PRODUCT_BUNDLE_IDENTIFIER = hasancorp.cubeguideTests;
				PRODUCT_NAME = "$(TARGET_NAME)";
				STRING_CATALOG_GENERATE_SYMBOLS = NO;
				SWIFT_APPROACHABLE_CONCURRENCY = YES;
				SWIFT_EMIT_LOC_STRINGS = NO;
				SWIFT_UPCOMING_FEATURE_MEMBER_IMPORT_VISIBILITY = YES;
				SWIFT_VERSION = 6.0;
				TARGETED_DEVICE_FAMILY = 1;
				TEST_HOST = "$(BUILT_PRODUCTS_DIR)/cubeguide.app/$(BUNDLE_EXECUTABLE_FOLDER_PATH)/cubeguide";
			};
			name = Debug;
		};
		4F53CEF330607CA100D417D4 /* Release configuration for PBXNativeTarget "cubeguideTests" */ = {
			isa = XCBuildConfiguration;
			buildSettings = {
				BUNDLE_LOADER = "$(TEST_HOST)";
				CODE_SIGN_STYLE = Automatic;
				CURRENT_PROJECT_VERSION = 1;
				GENERATE_INFOPLIST_FILE = YES;
				IPHONEOS_DEPLOYMENT_TARGET = 18.0;
				MARKETING_VERSION = 1.0;
				PRODUCT_BUNDLE_IDENTIFIER = hasancorp.cubeguideTests;
				PRODUCT_NAME = "$(TARGET_NAME)";
				STRING_CATALOG_GENERATE_SYMBOLS = NO;
				SWIFT_APPROACHABLE_CONCURRENCY = YES;
				SWIFT_EMIT_LOC_STRINGS = NO;
				SWIFT_UPCOMING_FEATURE_MEMBER_IMPORT_VISIBILITY = YES;
				SWIFT_VERSION = 6.0;
				TARGETED_DEVICE_FAMILY = 1;
				TEST_HOST = "$(BUILT_PRODUCTS_DIR)/cubeguide.app/$(BUNDLE_EXECUTABLE_FOLDER_PATH)/cubeguide";
			};
			name = Release;
		};
		4F53CEF530607CA100D417D4 /* Debug configuration for PBXNativeTarget "cubeguideUITests" */ = {
			isa = XCBuildConfiguration;
			buildSettings = {
				CODE_SIGN_STYLE = Automatic;
				CURRENT_PROJECT_VERSION = 1;
				GENERATE_INFOPLIST_FILE = YES;
				MARKETING_VERSION = 1.0;
				PRODUCT_BUNDLE_IDENTIFIER = hasancorp.cubeguideUITests;
				PRODUCT_NAME = "$(TARGET_NAME)";
				STRING_CATALOG_GENERATE_SYMBOLS = NO;
				SWIFT_APPROACHABLE_CONCURRENCY = YES;
				SWIFT_EMIT_LOC_STRINGS = NO;
				SWIFT_UPCOMING_FEATURE_MEMBER_IMPORT_VISIBILITY = YES;
				SWIFT_VERSION = 6.0;
				TARGETED_DEVICE_FAMILY = 1;
				TEST_TARGET_NAME = cubeguide;
			};
			name = Debug;
		};
		4F53CEF630607CA100D417D4 /* Release configuration for PBXNativeTarget "cubeguideUITests" */ = {
			isa = XCBuildConfiguration;
			buildSettings = {
				CODE_SIGN_STYLE = Automatic;
				CURRENT_PROJECT_VERSION = 1;
				GENERATE_INFOPLIST_FILE = YES;
				MARKETING_VERSION = 1.0;
				PRODUCT_BUNDLE_IDENTIFIER = hasancorp.cubeguideUITests;
				PRODUCT_NAME = "$(TARGET_NAME)";
				STRING_CATALOG_GENERATE_SYMBOLS = NO;
				SWIFT_APPROACHABLE_CONCURRENCY = YES;
				SWIFT_EMIT_LOC_STRINGS = NO;
				SWIFT_UPCOMING_FEATURE_MEMBER_IMPORT_VISIBILITY = YES;
				SWIFT_VERSION = 6.0;
				TARGETED_DEVICE_FAMILY = 1;
				TEST_TARGET_NAME = cubeguide;
			};
			name = Release;
		};
/* End XCBuildConfiguration section */

/* Begin XCConfigurationList section */
		4F53CECA30607C9E00D417D4 /* Build configuration list for PBXProject "cubeguide" */ = {
			isa = XCConfigurationList;
			buildConfigurations = (
				4F53CEEC30607CA100D417D4 /* Debug configuration for PBXProject "cubeguide" */,
				4F53CEED30607CA100D417D4 /* Release configuration for PBXProject "cubeguide" */,
			);
			defaultConfigurationName = Release;
		};
		4F53CEEE30607CA100D417D4 /* Build configuration list for PBXNativeTarget "cubeguide" */ = {
			isa = XCConfigurationList;
			buildConfigurations = (
				4F53CEEF30607CA100D417D4 /* Debug configuration for PBXNativeTarget "cubeguide" */,
				4F53CEF030607CA100D417D4 /* Release configuration for PBXNativeTarget "cubeguide" */,
			);
			defaultConfigurationName = Release;
		};
		4F53CEF130607CA100D417D4 /* Build configuration list for PBXNativeTarget "cubeguideTests" */ = {
			isa = XCConfigurationList;
			buildConfigurations = (
				4F53CEF230607CA100D417D4 /* Debug configuration for PBXNativeTarget "cubeguideTests" */,
				4F53CEF330607CA100D417D4 /* Release configuration for PBXNativeTarget "cubeguideTests" */,
			);
			defaultConfigurationName = Release;
		};
		4F53CEF430607CA100D417D4 /* Build configuration list for PBXNativeTarget "cubeguideUITests" */ = {
			isa = XCConfigurationList;
			buildConfigurations = (
				4F53CEF530607CA100D417D4 /* Debug configuration for PBXNativeTarget "cubeguideUITests" */,
				4F53CEF630607CA100D417D4 /* Release configuration for PBXNativeTarget "cubeguideUITests" */,
			);
			defaultConfigurationName = Release;
		};
/* End XCConfigurationList section */
	};
	rootObject = 4F53CEC730607C9E00D417D4 /* Project object */;
	validationLevel = 1;
}
